
Microsoft Visual Studio Solution File, Format Version 12.00
# Visual Studio Version 17
VisualStudioVersion = 17.14.36804.6 d17.14
MinimumVisualStudioVersion = 10.0.40219.1
Project("{FAE04EC0-301F-11D3-BF4B-00C04F79EFBC}") = "MokkiSovellus_MAUI", "MokkiSovellus_MAUI.csproj", "{5929E00F-3E98-4F01-809C-6340181C8D31}"
EndProject
Global
	GlobalSection(SolutionConfigurationPlatforms) = preSolution
		Debug|Any CPU = Debug|Any CPU
		Release|Any CPU = Release|Any CPU
	EndGlobalSection
	GlobalSection(ProjectConfigurationPlatforms) = postSolution
		{5929E00F-3E98-4F01-809C-6340181C8D31}.Debug|Any CPU.ActiveCfg = Debug|Any CPU
		{5929E00F-3E98-4F01-809C-6340181C8D31}.Debug|Any CPU.Build.0 = Debug|Any CPU
		{5929E00F-3E98-4F01-809C-6340181C8D31}.Release|Any CPU.ActiveCfg = Release|Any CPU
		{5929E00F-3E98-4F01-809C-6340181C8D31}.Release|Any CPU.Build.0 = Release|Any CPU
	EndGlobalSection
	GlobalSection(SolutionProperties) = preSolution
		HideSolutionNode = FALSE
	EndGlobalSection
	GlobalSection(ExtensibilityGlobals) = postSolution
		SolutionGuid = {B07CB20D-EA2C-4AA8-A2C7-55B4145C379A}
	EndGlobalSection
EndGlobal
